
Microsoft Visual Studio Solution File, Format Version 12.00
# Visual Studio Version 17
VisualStudioVersion = 17.11.35222.181
MinimumVisualStudioVersion = 10.0.40219.1
Project("{FAE04EC0-301F-11D3-BF4B-00C04F79EFBC}") = "B_1035_Rhenata Evrilia Putri", "B_1035_Rhenata Evrilia Putri\B_1035_Rhenata Evrilia Putri.csproj", "{2C847DA6-AA4B-4495-82F0-2A532A161506}"
EndProject
Global
	GlobalSection(SolutionConfigurationPlatforms) = preSolution
		Debug|Any CPU = Debug|Any CPU
		Release|Any CPU = Release|Any CPU
	EndGlobalSection
	GlobalSection(ProjectConfigurationPlatforms) = postSolution
		{2C847DA6-AA4B-4495-82F0-2A532A161506}.Debug|Any CPU.ActiveCfg = Debug|Any CPU
		{2C847DA6-AA4B-4495-82F0-2A532A161506}.Debug|Any CPU.Build.0 = Debug|Any CPU
		{2C847DA6-AA4B-4495-82F0-2A532A161506}.Release|Any CPU.ActiveCfg = Release|Any CPU
		{2C847DA6-AA4B-4495-82F0-2A532A161506}.Release|Any CPU.Build.0 = Release|Any CPU
	EndGlobalSection
	GlobalSection(SolutionProperties) = preSolution
		HideSolutionNode = FALSE
	EndGlobalSection
	GlobalSection(ExtensibilityGlobals) = postSolution
		SolutionGuid = {3FC2EF54-A3CA-4844-B366-35D039057D68}
	EndGlobalSection
EndGlobal
